// !$*UTF8*$!
{
	archiveVersion = 1;
	classes = {
	};
	objectVersion = 50;
	objects = {

/* Begin PBXBuildFile section */
		BB165607209E083B008CA3B8 /* ItemListAssign.swift in Sources */ = {isa = PBXBuildFile; fileRef = BB165606209E083B008CA3B8 /* ItemListAssign.swift */; };
		BB165609209E08CD008CA3B8 /* ListUserAssign.swift in Sources */ = {isa = PBXBuildFile; fileRef = BB165608209E08CD008CA3B8 /* ListUserAssign.swift */; };
		BB16560B209E0A43008CA3B8 /* ToDoListAPI.swift in Sources */ = {isa = PBXBuildFile; fileRef = BB16560A209E0A43008CA3B8 /* ToDoListAPI.swift */; };
		BB16560D209E14C7008CA3B8 /* ToDoListDataStore.swift in Sources */ = {isa = PBXBuildFile; fileRef = BB16560C209E14C7008CA3B8 /* ToDoListDataStore.swift */; };
		BB16560F209E3F14008CA3B8 /* SignInViewController.swift in Sources */ = {isa = PBXBuildFile; fileRef = BB16560E209E3F14008CA3B8 /* SignInViewController.swift */; };
		BB165611209E3F22008CA3B8 /* SignUpViewController.swift in Sources */ = {isa = PBXBuildFile; fileRef = BB165610209E3F22008CA3B8 /* SignUpViewController.swift */; };
		BB165613209E3FA0008CA3B8 /* SignUpConfirmationViewController.swift in Sources */ = {isa = PBXBuildFile; fileRef = BB165612209E3FA0008CA3B8 /* SignUpConfirmationViewController.swift */; };
		BB165615209E43A6008CA3B8 /* ItemsTableViewController.swift in Sources */ = {isa = PBXBuildFile; fileRef = BB165614209E43A6008CA3B8 /* ItemsTableViewController.swift */; };
		BB4A1A2020A21582005ED859 /* InvitationsTableViewController.swift in Sources */ = {isa = PBXBuildFile; fileRef = BB4A1A1F20A21582005ED859 /* InvitationsTableViewController.swift */; };
		BBAF49E120A158BF00804385 /* ArchivedListTableViewController.swift in Sources */ = {isa = PBXBuildFile; fileRef = BBAF49E020A158BF00804385 /* ArchivedListTableViewController.swift */; };
		BBF77F6C209279EF008D35C7 /* AppDelegate.swift in Sources */ = {isa = PBXBuildFile; fileRef = BBF77F6B209279EF008D35C7 /* AppDelegate.swift */; };
		BBF77F71209279EF008D35C7 /* Main.storyboard in Resources */ = {isa = PBXBuildFile; fileRef = BBF77F6F209279EF008D35C7 /* Main.storyboard */; };
		BBF77F73209279F1008D35C7 /* Assets.xcassets in Resources */ = {isa = PBXBuildFile; fileRef = BBF77F72209279F1008D35C7 /* Assets.xcassets */; };
		BBF77F76209279F1008D35C7 /* LaunchScreen.storyboard in Resources */ = {isa = PBXBuildFile; fileRef = BBF77F74209279F1008D35C7 /* LaunchScreen.storyboard */; };
		BBF77F7E20927ABF008D35C7 /* ListTableTableViewController.swift in Sources */ = {isa = PBXBuildFile; fileRef = BBF77F7D20927ABF008D35C7 /* ListTableTableViewController.swift */; };
		BBF77F8020927DA6008D35C7 /* Item.swift in Sources */ = {isa = PBXBuildFile; fileRef = BBF77F7F20927DA6008D35C7 /* Item.swift */; };
		BBF77F8220927FFB008D35C7 /* List.swift in Sources */ = {isa = PBXBuildFile; fileRef = BBF77F8120927FFB008D35C7 /* List.swift */; };
		BBF77F8420928144008D35C7 /* User.swift in Sources */ = {isa = PBXBuildFile; fileRef = BBF77F8320928144008D35C7 /* User.swift */; };
/* End PBXBuildFile section */

/* Begin PBXFileReference section */
		BB165606209E083B008CA3B8 /* ItemListAssign.swift */ = {isa = PBXFileReference; lastKnownFileType = sourcecode.swift; path = ItemListAssign.swift; sourceTree = "<group>"; };
		BB165608209E08CD008CA3B8 /* ListUserAssign.swift */ = {isa = PBXFileReference; lastKnownFileType = sourcecode.swift; path = ListUserAssign.swift; sourceTree = "<group>"; };
		BB16560A209E0A43008CA3B8 /* ToDoListAPI.swift */ = {isa = PBXFileReference; lastKnownFileType = sourcecode.swift; path = ToDoListAPI.swift; sourceTree = "<group>"; };
		BB16560C209E14C7008CA3B8 /* ToDoListDataStore.swift */ = {isa = PBXFileReference; lastKnownFileType = sourcecode.swift; path = ToDoListDataStore.swift; sourceTree = "<group>"; };
		BB16560E209E3F14008CA3B8 /* SignInViewController.swift */ = {isa = PBXFileReference; lastKnownFileType = sourcecode.swift; path = SignInViewController.swift; sourceTree = "<group>"; };
		BB165610209E3F22008CA3B8 /* SignUpViewController.swift */ = {isa = PBXFileReference; lastKnownFileType = sourcecode.swift; path = SignUpViewController.swift; sourceTree = "<group>"; };
		BB165612209E3FA0008CA3B8 /* SignUpConfirmationViewController.swift */ = {isa = PBXFileReference; lastKnownFileType = sourcecode.swift; path = SignUpConfirmationViewController.swift; sourceTree = "<group>"; };
		BB165614209E43A6008CA3B8 /* ItemsTableViewController.swift */ = {isa = PBXFileReference; lastKnownFileType = sourcecode.swift; path = ItemsTableViewController.swift; sourceTree = "<group>"; };
		BB4A1A1F20A21582005ED859 /* InvitationsTableViewController.swift */ = {isa = PBXFileReference; lastKnownFileType = sourcecode.swift; path = InvitationsTableViewController.swift; sourceTree = "<group>"; };
		BBAF49E020A158BF00804385 /* ArchivedListTableViewController.swift */ = {isa = PBXFileReference; lastKnownFileType = sourcecode.swift; path = ArchivedListTableViewController.swift; sourceTree = "<group>"; };
		BBF77F68209279EF008D35C7 /* ToDoList.app */ = {isa = PBXFileReference; explicitFileType = wrapper.application; includeInIndex = 0; path = ToDoList.app; sourceTree = BUILT_PRODUCTS_DIR; };
		BBF77F6B209279EF008D35C7 /* AppDelegate.swift */ = {isa = PBXFileReference; lastKnownFileType = sourcecode.swift; path = AppDelegate.swift; sourceTree = "<group>"; };
		BBF77F70209279EF008D35C7 /* Base */ = {isa = PBXFileReference; lastKnownFileType = file.storyboard; name = Base; path = Base.lproj/Main.storyboard; sourceTree = "<group>"; };
		BBF77F72209279F1008D35C7 /* Assets.xcassets */ = {isa = PBXFileReference; lastKnownFileType = folder.assetcatalog; path = Assets.xcassets; sourceTree = "<group>"; };
		BBF77F75209279F1008D35C7 /* Base */ = {isa = PBXFileReference; lastKnownFileType = file.storyboard; name = Base; path = Base.lproj/LaunchScreen.storyboard; sourceTree = "<group>"; };
		BBF77F77209279F1008D35C7 /* Info.plist */ = {isa = PBXFileReference; lastKnownFileType = text.plist.xml; path = Info.plist; sourceTree = "<group>"; };
		BBF77F7D20927ABF008D35C7 /* ListTableTableViewController.swift */ = {isa = PBXFileReference; lastKnownFileType = sourcecode.swift; path = ListTableTableViewController.swift; sourceTree = "<group>"; };
		BBF77F7F20927DA6008D35C7 /* Item.swift */ = {isa = PBXFileReference; lastKnownFileType = sourcecode.swift; path = Item.swift; sourceTree = "<group>"; };
		BBF77F8120927FFB008D35C7 /* List.swift */ = {isa = PBXFileReference; lastKnownFileType = sourcecode.swift; path = List.swift; sourceTree = "<group>"; };
		BBF77F8320928144008D35C7 /* User.swift */ = {isa = PBXFileReference; lastKnownFileType = sourcecode.swift; path = User.swift; sourceTree = "<group>"; };
/* End PBXFileReference section */

/* Begin PBXFrameworksBuildPhase section */
		BBF77F65209279EF008D35C7 /* Frameworks */ = {
			isa = PBXFrameworksBuildPhase;
			buildActionMask = 2147483647;
			files = (
			);
			runOnlyForDeploymentPostprocessing = 0;
		};
/* End PBXFrameworksBuildPhase section */

/* Begin PBXGroup section */
		BB17739F209E4D370041F158 /* Models */ = {
			isa = PBXGroup;
			children = (
				BBF77F7F20927DA6008D35C7 /* Item.swift */,
				BB165606209E083B008CA3B8 /* ItemListAssign.swift */,
				BBF77F8120927FFB008D35C7 /* List.swift */,
				BB165608209E08CD008CA3B8 /* ListUserAssign.swift */,
				BBF77F8320928144008D35C7 /* User.swift */,
			);
			path = Models;
			sourceTree = "<group>";
		};
		BB1773A0209E4D450041F158 /* Controllers */ = {
			isa = PBXGroup;
			children = (
				BBAF49E020A158BF00804385 /* ArchivedListTableViewController.swift */,
				BB4A1A1F20A21582005ED859 /* InvitationsTableViewController.swift */,
				BB165614209E43A6008CA3B8 /* ItemsTableViewController.swift */,
				BBF77F7D20927ABF008D35C7 /* ListTableTableViewController.swift */,
				BB16560E209E3F14008CA3B8 /* SignInViewController.swift */,
				BB165612209E3FA0008CA3B8 /* SignUpConfirmationViewController.swift */,
				BB165610209E3F22008CA3B8 /* SignUpViewController.swift */,
			);
			path = Controllers;
			sourceTree = "<group>";
		};
		BB1773A1209E4D760041F158 /* API */ = {
			isa = PBXGroup;
			children = (
				BB16560A209E0A43008CA3B8 /* ToDoListAPI.swift */,
				BB16560C209E14C7008CA3B8 /* ToDoListDataStore.swift */,
			);
			path = API;
			sourceTree = "<group>";
		};
		BBF77F5F209279EF008D35C7 = {
			isa = PBXGroup;
			children = (
				BBF77F6A209279EF008D35C7 /* ToDoList */,
				BBF77F69209279EF008D35C7 /* Products */,
			);
			sourceTree = "<group>";
		};
		BBF77F69209279EF008D35C7 /* Products */ = {
			isa = PBXGroup;
			children = (
				BBF77F68209279EF008D35C7 /* ToDoList.app */,
			);
			name = Products;
			sourceTree = "<group>";
		};
		BBF77F6A209279EF008D35C7 /* ToDoList */ = {
			isa = PBXGroup;
			children = (
				BBF77F77209279F1008D35C7 /* Info.plist */,
				BBF77F6B209279EF008D35C7 /* AppDelegate.swift */,
				BBF77F72209279F1008D35C7 /* Assets.xcassets */,
				BB1773A1209E4D760041F158 /* API */,
				BB1773A0209E4D450041F158 /* Controllers */,
				BBF77F74209279F1008D35C7 /* LaunchScreen.storyboard */,
				BBF77F6F209279EF008D35C7 /* Main.storyboard */,
				BB17739F209E4D370041F158 /* Models */,
			);
			path = ToDoList;
			sourceTree = "<group>";
		};
/* End PBXGroup section */

/* Begin PBXNativeTarget section */
		BBF77F67209279EF008D35C7 /* ToDoList */ = {
			isa = PBXNativeTarget;
			buildConfigurationList = BBF77F7A209279F1008D35C7 /* Build configuration list for PBXNativeTarget "ToDoList" */;
			buildPhases = (
				BBF77F64209279EF008D35C7 /* Sources */,
				BBF77F65209279EF008D35C7 /* Frameworks */,
				BBF77F66209279EF008D35C7 /* Resources */,
			);
			buildRules = (
			);
			dependencies = (
			);
			name = ToDoList;
			productName = List;
			productReference = BBF77F68209279EF008D35C7 /* ToDoList.app */;
			productType = "com.apple.product-type.application";
		};
/* End PBXNativeTarget section */

/* Begin PBXProject section */
		BBF77F60209279EF008D35C7 /* Project object */ = {
			isa = PBXProject;
			attributes = {
				LastSwiftUpdateCheck = 0930;
				LastUpgradeCheck = 0930;
				ORGANIZATIONNAME = stokuda;
				TargetAttributes = {
					BBF77F67209279EF008D35C7 = {
						CreatedOnToolsVersion = 9.3;
					};
				};
			};
			buildConfigurationList = BBF77F63209279EF008D35C7 /* Build configuration list for PBXProject "ToDoList" */;
			compatibilityVersion = "Xcode 9.3";
			developmentRegion = en;
			hasScannedForEncodings = 0;
			knownRegions = (
				en,
				Base,
			);
			mainGroup = BBF77F5F209279EF008D35C7;
			productRefGroup = BBF77F69209279EF008D35C7 /* Products */;
			projectDirPath = "";
			projectRoot = "";
			targets = (
				BBF77F67209279EF008D35C7 /* ToDoList */,
			);
		};
/* End PBXProject section */

/* Begin PBXResourcesBuildPhase section */
		BBF77F66209279EF008D35C7 /* Resources */ = {
			isa = PBXResourcesBuildPhase;
			buildActionMask = 2147483647;
			files = (
				BBF77F76209279F1008D35C7 /* LaunchScreen.storyboard in Resources */,
				BBF77F73209279F1008D35C7 /* Assets.xcassets in Resources */,
				BBF77F71209279EF008D35C7 /* Main.storyboard in Resources */,
			);
			runOnlyForDeploymentPostprocessing = 0;
		};
/* End PBXResourcesBuildPhase section */

/* Begin PBXSourcesBuildPhase section */
		BBF77F64209279EF008D35C7 /* Sources */ = {
			isa = PBXSourcesBuildPhase;
			buildActionMask = 2147483647;
			files = (
				BB16560F209E3F14008CA3B8 /* SignInViewController.swift in Sources */,
				BB4A1A2020A21582005ED859 /* InvitationsTableViewController.swift in Sources */,
				BBF77F7E20927ABF008D35C7 /* ListTableTableViewController.swift in Sources */,
				BBF77F8420928144008D35C7 /* User.swift in Sources */,
				BBAF49E120A158BF00804385 /* ArchivedListTableViewController.swift in Sources */,
				BB16560B209E0A43008CA3B8 /* ToDoListAPI.swift in Sources */,
				BBF77F8020927DA6008D35C7 /* Item.swift in Sources */,
				BB165611209E3F22008CA3B8 /* SignUpViewController.swift in Sources */,
				BB165607209E083B008CA3B8 /* ItemListAssign.swift in Sources */,
				BB165615209E43A6008CA3B8 /* ItemsTableViewController.swift in Sources */,
				BB165613209E3FA0008CA3B8 /* SignUpConfirmationViewController.swift in Sources */,
				BBF77F8220927FFB008D35C7 /* List.swift in Sources */,
				BBF77F6C209279EF008D35C7 /* AppDelegate.swift in Sources */,
				BB165609209E08CD008CA3B8 /* ListUserAssign.swift in Sources */,
				BB16560D209E14C7008CA3B8 /* ToDoListDataStore.swift in Sources */,
			);
			runOnlyForDeploymentPostprocessing = 0;
		};
/* End PBXSourcesBuildPhase section */

/* Begin PBXVariantGroup section */
		BBF77F6F209279EF008D35C7 /* Main.storyboard */ = {
			isa = PBXVariantGroup;
			children = (
				BBF77F70209279EF008D35C7 /* Base */,
			);
			name = Main.storyboard;
			sourceTree = "<group>";
		};
		BBF77F74209279F1008D35C7 /* LaunchScreen.storyboard */ = {
			isa = PBXVariantGroup;
			children = (
				BBF77F75209279F1008D35C7 /* Base */,
			);
			name = LaunchScreen.storyboard;
			sourceTree = "<group>";
		};
/* End PBXVariantGroup section */

/* Begin XCBuildConfiguration section */
		BBF77F78209279F1008D35C7 /* Debug */ = {
			isa = XCBuildConfiguration;
			buildSettings = {
				ALWAYS_SEARCH_USER_PATHS = NO;
				CLANG_ANALYZER_NONNULL = YES;
				CLANG_ANALYZER_NUMBER_OBJECT_CONVERSION = YES_AGGRESSIVE;
				CLANG_CXX_LANGUAGE_STANDARD = "gnu++14";
				CLANG_CXX_LIBRARY = "libc++";
				CLANG_ENABLE_MODULES = YES;
				CLANG_ENABLE_OBJC_ARC = YES;
				CLANG_ENABLE_OBJC_WEAK = YES;
				CLANG_WARN_BLOCK_CAPTURE_AUTORELEASING = YES;
				CLANG_WARN_BOOL_CONVERSION = YES;
				CLANG_WARN_COMMA = YES;
				CLANG_WARN_CONSTANT_CONVERSION = YES;
				CLANG_WARN_DEPRECATED_OBJC_IMPLEMENTATIONS = YES;
				CLANG_WARN_DIRECT_OBJC_ISA_USAGE = YES_ERROR;
				CLANG_WARN_DOCUMENTATION_COMMENTS = YES;
				CLANG_WARN_EMPTY_BODY = YES;
				CLANG_WARN_ENUM_CONVERSION = YES;
				CLANG_WARN_INFINITE_RECURSION = YES;
				CLANG_WARN_INT_CONVERSION = YES;
				CLANG_WARN_NON_LITERAL_NULL_CONVERSION = YES;
				CLANG_WARN_OBJC_IMPLICIT_RETAIN_SELF = YES;
				CLANG_WARN_OBJC_LITERAL_CONVERSION = YES;
				CLANG_WARN_OBJC_ROOT_CLASS = YES_ERROR;
				CLANG_WARN_RANGE_LOOP_ANALYSIS = YES;
				CLANG_WARN_STRICT_PROTOTYPES = YES;
				CLANG_WARN_SUSPICIOUS_MOVE = YES;
				CLANG_WARN_UNGUARDED_AVAILABILITY = YES_AGGRESSIVE;
				CLANG_WARN_UNREACHABLE_CODE = YES;
				CLANG_WARN__DUPLICATE_METHOD_MATCH = YES;
				CODE_SIGN_IDENTITY = "iPhone Developer";
				COPY_PHASE_STRIP = NO;
				DEBUG_INFORMATION_FORMAT = dwarf;
				ENABLE_STRICT_OBJC_MSGSEND = YES;
				ENABLE_TESTABILITY = YES;
				GCC_C_LANGUAGE_STANDARD = gnu11;
				GCC_DYNAMIC_NO_PIC = NO;
				GCC_NO_COMMON_BLOCKS = YES;
				GCC_OPTIMIZATION_LEVEL = 0;
				GCC_PREPROCESSOR_DEFINITIONS = (
					"DEBUG=1",
					"$(inherited)",
				);
				GCC_WARN_64_TO_32_BIT_CONVERSION = YES;
				GCC_WARN_ABOUT_RETURN_TYPE = YES_ERROR;
				GCC_WARN_UNDECLARED_SELECTOR = YES;
				GCC_WARN_UNINITIALIZED_AUTOS = YES_AGGRESSIVE;
				GCC_WARN_UNUSED_FUNCTION = YES;
				GCC_WARN_UNUSED_VARIABLE = YES;
				IPHONEOS_DEPLOYMENT_TARGET = 11.3;
				MTL_ENABLE_DEBUG_INFO = YES;
				ONLY_ACTIVE_ARCH = YES;
				SDKROOT = iphoneos;
				SWIFT_ACTIVE_COMPILATION_CONDITIONS = DEBUG;
				SWIFT_OPTIMIZATION_LEVEL = "-Onone";
			};
			name = Debug;
		};
		BBF77F79209279F1008D35C7 /* Release */ = {
			isa = XCBuildConfiguration;
			buildSettings = {
				ALWAYS_SEARCH_USER_PATHS = NO;
				CLANG_ANALYZER_NONNULL = YES;
				CLANG_ANALYZER_NUMBER_OBJECT_CONVERSION = YES_AGGRESSIVE;
				CLANG_CXX_LANGUAGE_STANDARD = "gnu++14";
				CLANG_CXX_LIBRARY = "libc++";
				CLANG_ENABLE_MODULES = YES;
				CLANG_ENABLE_OBJC_ARC = YES;
				CLANG_ENABLE_OBJC_WEAK = YES;
				CLANG_WARN_BLOCK_CAPTURE_AUTORELEASING = YES;
				CLANG_WARN_BOOL_CONVERSION = YES;
				CLANG_WARN_COMMA = YES;
				CLANG_WARN_CONSTANT_CONVERSION = YES;
				CLANG_WARN_DEPRECATED_OBJC_IMPLEMENTATIONS = YES;
				CLANG_WARN_DIRECT_OBJC_ISA_USAGE = YES_ERROR;
				CLANG_WARN_DOCUMENTATION_COMMENTS = YES;
				CLANG_WARN_EMPTY_BODY = YES;
				CLANG_WARN_ENUM_CONVERSION = YES;
				CLANG_WARN_INFINITE_RECURSION = YES;
				CLANG_WARN_INT_CONVERSION = YES;
				CLANG_WARN_NON_LITERAL_NULL_CONVERSION = YES;
				CLANG_WARN_OBJC_IMPLICIT_RETAIN_SELF = YES;
				CLANG_WARN_OBJC_LITERAL_CONVERSION = YES;
				CLANG_WARN_OBJC_ROOT_CLASS = YES_ERROR;
				CLANG_WARN_RANGE_LOOP_ANALYSIS = YES;
				CLANG_WARN_STRICT_PROTOTYPES = YES;
				CLANG_WARN_SUSPICIOUS_MOVE = YES;
				CLANG_WARN_UNGUARDED_AVAILABILITY = YES_AGGRESSIVE;
				CLANG_WARN_UNREACHABLE_CODE = YES;
				CLANG_WARN__DUPLICATE_METHOD_MATCH = YES;
				CODE_SIGN_IDENTITY = "iPhone Developer";
				COPY_PHASE_STRIP = NO;
				DEBUG_INFORMATION_FORMAT = "dwarf-with-dsym";
				ENABLE_NS_ASSERTIONS = NO;
				ENABLE_STRICT_OBJC_MSGSEND = YES;
				GCC_C_LANGUAGE_STANDARD = gnu11;
				GCC_NO_COMMON_BLOCKS = YES;
				GCC_WARN_64_TO_32_BIT_CONVERSION = YES;
				GCC_WARN_ABOUT_RETURN_TYPE = YES_ERROR;
				GCC_WARN_UNDECLARED_SELECTOR = YES;
				GCC_WARN_UNINITIALIZED_AUTOS = YES_AGGRESSIVE;
				GCC_WARN_UNUSED_FUNCTION = YES;
				GCC_WARN_UNUSED_VARIABLE = YES;
				IPHONEOS_DEPLOYMENT_TARGET = 11.3;
				MTL_ENABLE_DEBUG_INFO = NO;
				SDKROOT = iphoneos;
				SWIFT_COMPILATION_MODE = wholemodule;
				SWIFT_OPTIMIZATION_LEVEL = "-O";
				VALIDATE_PRODUCT = YES;
			};
			name = Release;
		};
		BBF77F7B209279F1008D35C7 /* Debug */ = {
			isa = XCBuildConfiguration;
			buildSettings = {
				ASSETCATALOG_COMPILER_APPICON_NAME = AppIcon;
				CODE_SIGN_STYLE = Automatic;
				DEVELOPMENT_TEAM = FVEGF5DQ7U;
				INFOPLIST_FILE = "$(SRCROOT)/ToDoList/Info.plist";
				LD_RUNPATH_SEARCH_PATHS = (
					"$(inherited)",
					"@executable_path/Frameworks",
				);
				PRODUCT_BUNDLE_IDENTIFIER = stokuda.edu.ilstu.List;
				PRODUCT_NAME = "$(TARGET_NAME)";
				SWIFT_VERSION = 4.0;
				TARGETED_DEVICE_FAMILY = "1,2";
			};
			name = Debug;
		};
		BBF77F7C209279F1008D35C7 /* Release */ = {
			isa = XCBuildConfiguration;
			buildSettings = {
				ASSETCATALOG_COMPILER_APPICON_NAME = AppIcon;
				CODE_SIGN_STYLE = Automatic;
				DEVELOPMENT_TEAM = FVEGF5DQ7U;
				INFOPLIST_FILE = "$(SRCROOT)/ToDoList/Info.plist";
				LD_RUNPATH_SEARCH_PATHS = (
					"$(inherited)",
					"@executable_path/Frameworks",
				);
				PRODUCT_BUNDLE_IDENTIFIER = stokuda.edu.ilstu.List;
				PRODUCT_NAME = "$(TARGET_NAME)";
				SWIFT_VERSION = 4.0;
				TARGETED_DEVICE_FAMILY = "1,2";
			};
			name = Release;
		};
/* End XCBuildConfiguration section */

/* Begin XCConfigurationList section */
		BBF77F63209279EF008D35C7 /* Build configuration list for PBXProject "ToDoList" */ = {
			isa = XCConfigurationList;
			buildConfigurations = (
				BBF77F78209279F1008D35C7 /* Debug */,
				BBF77F79209279F1008D35C7 /* Release */,
			);
			defaultConfigurationIsVisible = 0;
			defaultConfigurationName = Release;
		};
		BBF77F7A209279F1008D35C7 /* Build configuration list for PBXNativeTarget "ToDoList" */ = {
			isa = XCConfigurationList;
			buildConfigurations = (
				BBF77F7B209279F1008D35C7 /* Debug */,
				BBF77F7C209279F1008D35C7 /* Release */,
			);
			defaultConfigurationIsVisible = 0;
			defaultConfigurationName = Release;
		};
/* End XCConfigurationList section */
	};
	rootObject = BBF77F60209279EF008D35C7 /* Project object */;
}
